
Microsoft Visual Studio Solution File, Format Version 12.00
Project("{FAE04EC0-301F-11D3-BF4B-00C04F79EFBC}") = "HextechAutomation", "HextechAutomation\HextechAutomation.csproj", "{AF2C84C9-DD67-40E0-8834-6D5D79FE3254}"
EndProject
Global
	GlobalSection(SolutionConfigurationPlatforms) = preSolution
		Debug|Any CPU = Debug|Any CPU
		Release|Any CPU = Release|Any CPU
	EndGlobalSection
	GlobalSection(ProjectConfigurationPlatforms) = postSolution
		{AF2C84C9-DD67-40E0-8834-6D5D79FE3254}.Debug|Any CPU.ActiveCfg = Debug|Any CPU
		{AF2C84C9-DD67-40E0-8834-6D5D79FE3254}.Debug|Any CPU.Build.0 = Debug|Any CPU
		{AF2C84C9-DD67-40E0-8834-6D5D79FE3254}.Release|Any CPU.ActiveCfg = Release|Any CPU
		{AF2C84C9-DD67-40E0-8834-6D5D79FE3254}.Release|Any CPU.Build.0 = Release|Any CPU
	EndGlobalSection
EndGlobal
